
Microsoft Visual Studio Solution File, Format Version 10.00
# Visual Studio 2008
Project("{FAE04EC0-301F-11D3-BF4B-00C04F79EFBC}") = "GUCAS Network Client", "GUCAS Network Client.csproj", "{5F30E771-7496-4845-A5EE-C6DE6CE22C81}"
EndProject
Global
	GlobalSection(SolutionConfigurationPlatforms) = preSolution
		Debug|Any CPU = Debug|Any CPU
		Release|Any CPU = Release|Any CPU
	EndGlobalSection
	GlobalSection(ProjectConfigurationPlatforms) = postSolution
		{5F30E771-7496-4845-A5EE-C6DE6CE22C81}.Debug|Any CPU.ActiveCfg = Debug|Any CPU
		{5F30E771-7496-4845-A5EE-C6DE6CE22C81}.Debug|Any CPU.Build.0 = Debug|Any CPU
		{5F30E771-7496-4845-A5EE-C6DE6CE22C81}.Release|Any CPU.ActiveCfg = Release|Any CPU
		{5F30E771-7496-4845-A5EE-C6DE6CE22C81}.Release|Any CPU.Build.0 = Release|Any CPU
	EndGlobalSection
	GlobalSection(SolutionProperties) = preSolution
		HideSolutionNode = FALSE
	EndGlobalSection
EndGlobal
